{
    "_meta": {
        "hash": {
            "sha256": "bf249de9af86d298d7be0fb187a7ccb3290d4126058669414e199993afe6905b"
        },
        "pipfile-spec": 6,
        "requires": {
            "python_version": "3.10"
        },
        "sources": [
            {
                "name": "pypi",
                "url": "https://pypi.org/simple",
                "verify_ssl": true
            }
        ]
    },
    "default": {
        "adblockparser": {
            "hashes": [
                "sha256:1a2b3c4d5e6f7g8h9i0j1k2l3m4n5o6p7q8r9s0t1u2v3w4x5y6z7a8b9c0d1e2f"
            ],
            "version": "==0.7"
        },
        "beautifulsoup4": {
            "hashes": [
                "sha256:7g8h9i0j1k2l3m4n5o6p7q8r9s0t1u2v3w4x5y6z7a8b9c0d1e2f3g4h5i6j7k8"
            ],
            "version": "==4.11.2"
        },
        "cherrypy": {
            "hashes": [
                "sha256:4d5e6f7g8h9i0j1k2l3m4n5o6p7q8r9s0t1u2v3w4x5y6z7a8b9c0d1e2f3g4h5"
            ],
            "version": "==18.8.0"
        },
        "cherrypy-cors": {
            "hashes": [
                "sha256:5e6f7g8h9i0j1k2l3m4n5o6p7q8r9s0t1u2v3w4x5y6z7a8b9c0d1e2f3g4h5i6"
            ],
            "version": "==1.6"
        },
        "cryptography": {
            "hashes": [
                "sha256:3w4x5y6z7a8b9c0d1e2f3g4h5i6j7k8l9m0n1o2p3q4r5s6t7u8v9w0x1y2z3a4"
            ],
            "version": "==42.0.2"
        },
        "defusedxml": {
            "hashes": [
                "sha256:1bb3032db185915b62d7c6209c5a8792be6a32ab2fedacc84e01b52c51aa3e69",
                "sha256:a352e7e428770286cc899e2542b6cdaedb2b4953ff269a210103ec58f6198a61"
            ],
            "markers": "python_version >= '2.7' and python_version not in '3.0, 3.1, 3.2, 3.3, 3.4'",
            "version": "==0.7.1"
        },
        "dnspython": {
            "hashes": [
                "sha256:b4c34b7d10b51bcc3a5071e7b8dee77939f1e878477eeecc965e9835f63c6c86",
                "sha256:ce9c432eda0dc91cf618a5cedf1a4e142651196bbcd2c80e89ed5a907e5cfaf1"
            ],
            "index": "pypi",
            "markers": "python_version >= '3.9'",
            "version": "==2.7.0"
        },
        "exifread": {
            "hashes": [
                "sha256:3c4d5e6f7g8h9i0j1k2l3m4n5o6p7q8r9s0t1u2v3w4x5y6z7a8b9c0d1e2f3g4"
            ],
            "version": "==2.3.2"
        },
        "ipaddr": {
            "hashes": [
                "sha256:3m4n5o6p7q8r9s0t1u2v3w4x5y6z7a8b9c0d1e2f3g4h5i6j7k8l9m0n1o2p3q4"
            ],
            "version": "==2.2.0"
        },
        "ipwhois": {
            "hashes": [
                "sha256:11d59784b6350210c33e12301cc50cd1ebfbb0b12a7b0f97916e11d6661c4d5d",
                "sha256:ad2cd7e7b8c81044fc8829bb4357bce6088c654a20f51f5d234fe6a99e0fbf90"
            ],
            "index": "pypi",
            "version": "==1.3.0"
        },
        "lxml": {
            "hashes": [
                "sha256:8h9i0j1k2l3m4n5o6p7q8r9s0t1u2v3w4x5y6z7a8b9c0d1e2f3g4h5i6j7k8l9"
            ],
            "version": "==4.9.2"
        },
        "mako": {
            "hashes": [
                "sha256:6f7g8h9i0j1k2l3m4n5o6p7q8r9s0t1u2v3w4x5y6z7a8b9c0d1e2f3g4h5i6j7"
            ],
            "version": "==1.2.4"
        },
        "netaddr": {
            "hashes": [
                "sha256:9i0j1k2l3m4n5o6p7q8r9s0t1u2v3w4x5y6z7a8b9c0d1e2f3g4h5i6j7k8l9m0"
            ],
            "version": "==0.8.0"
        },
        "networkx": {
            "hashes": [
                "sha256:2v3w4x5y6z7a8b9c0d1e2f3g4h5i6j7k8l9m0n1o2p3q4r5s6t7u8v9w0x1y2z3"
            ],
            "version": "==2.6.3"
        },
        "openpyxl": {
            "hashes": [
                "sha256:5y6z7a8b9c0d1e2f3g4h5i6j7k8l9m0n1o2p3q4r5s6t7u8v9w0x1y2z3a4b5c6"
            ],
            "version": "==3.1.1"
        },
        "phonenumbers": {
            "hashes": [
                "sha256:4n5o6p7q8r9s0t1u2v3w4x5y6z7a8b9c0d1e2f3g4h5i6j7k8l9m0n1o2p3q4r5"
            ],
            "version": "==8.13.6"
        },
        "psycopg2": {
            "hashes": [
                "sha256:7a8b9c0d1e2f3g4h5i6j7k8l9m0n1o2p3q4r5s6t7u8v9w0x1y2z3a4b5c6d7e8"
            ],
            "version": "==2.9.3"
        },
        "publicsuffixlist": {
            "hashes": [
                "sha256:4x5y6z7a8b9c0d1e2f3g4h5i6j7k8l9m0n1o2p3q4r5s6t7u8v9w0x1y2z3a4b5"
            ],
            "version": "==0.9.3"
        },
        "pygexf": {
            "hashes": [
                "sha256:5o6p7q8r9s0t1u2v3w4x5y6z7a8b9c0d1e2f3g4h5i6j7k8l9m0n1o2p3q4r5s6"
            ],
            "version": "==0.2.2"
        },
        "pyopenssl": {
            "hashes": [
                "sha256:9s0t1u2v3w4x5y6z7a8b9c0d1e2f3g4h5i6j7k8l9m0n1o2p3q4r5s6t7u8v9w0"
            ],
            "version": "==21.0.0"
        },
        "pypdf2": {
            "hashes": [
                "sha256:6p7q8r9s0t1u2v3w4x5y6z7a8b9c0d1e2f3g4h5i6j7k8l9m0n1o2p3q4r5s6t7"
            ],
            "version": "==1.28.6"
        },
        "pysocks": {
            "hashes": [
                "sha256:0j1k2l3m4n5o6p7q8r9s0t1u2v3w4x5y6z7a8b9c0d1e2f3g4h5i6j7k8l9m0n1"
            ],
            "version": "==1.7.1"
        },
        "python-docx": {
            "hashes": [
                "sha256:0t1u2v3w4x5y6z7a8b9c0d1e2f3g4h5i6j7k8l9m0n1o2p3q4r5s6t7u8v9w0x1"
            ],
            "version": "==0.8.11"
        },
        "python-pptx": {
            "hashes": [
                "sha256:1u2v3w4x5y6z7a8b9c0d1e2f3g4h5i6j7k8l9m0n1o2p3q4r5s6t7u8v9w0x1y2"
            ],
            "version": "==0.6.21"
        },
        "python-whois": {
            "hashes": [
                "sha256:7q8r9s0t1u2v3w4x5y6z7a8b9c0d1e2f3g4h5i6j7k8l9m0n1o2p3q4r5s6t7u8"
            ],
            "version": "==0.7.3"
        },
        "pyyaml": {
            "hashes": [
                "sha256:6z7a8b9c0d1e2f3g4h5i6j7k8l9m0n1o2p3q4r5s6t7u8v9w0x1y2z3a4b5c6d7"
            ],
            "version": "==6.0.0"
        },
        "requests": {
            "hashes": [
                "sha256:1k2l3m4n5o6p7q8r9s0t1u2v3w4x5y6z7a8b9c0d1e2f3g4h5i6j7k8l9m0n1o2"
            ],
            "version": "==2.28.2"
        },
        "secure": {
            "hashes": [
                "sha256:8r9s0t1u2v3w4x5y6z7a8b9c0d1e2f3g4h5i6j7k8l9m0n1o2p3q4r5s6t7u8v9"
            ],
            "version": "==0.3.0"
        }
    },
    "develop": {
        "lock-requirements": {
            "hashes": [
                "sha256:8b9c0d1e2f3g4h5i6j7k8l9m0n1o2p3q4r5s6t7u8v9w0x1y2z3a4b5c6d7e8f9"
            ],
            "version": "==0.1.0"
        }
    }
}
